
Microsoft Visual Studio Solution File, Format Version 12.00
# Visual Studio Version 17
VisualStudioVersion = 17.3.32901.215
MinimumVisualStudioVersion = 10.0.40219.1
Project("{9A19103F-16F7-4668-BE54-9A1E7A4F7556}") = "EXE201_LEARNING_ENGLISH_DataLayer", "EXE201_LEARNING_ENGLISH_DataLayer\EXE201_LEARNING_ENGLISH_DataLayer.csproj", "{EFBACC9C-BDF4-4D8D-BBFE-1D495DB163FE}"
EndProject
Project("{9A19103F-16F7-4668-BE54-9A1E7A4F7556}") = "EXE201_LEARNING_ENGLISH_DAO", "EXE201_LEARNING_ENGLISH_DAO\EXE201_LEARNING_ENGLISH_DAO.csproj", "{304CFD34-3DDF-4ABD-A353-D3B41F943507}"
EndProject
Project("{9A19103F-16F7-4668-BE54-9A1E7A4F7556}") = "EXE201_LEARNING_ENGLISH_Repository", "EXE201_LEARNING_ENGLISH_Repository\EXE201_LEARNING_ENGLISH_Repository.csproj", "{EE2F7886-5D2F-4A0D-9326-1C33C17EDE91}"
EndProject
Project("{9A19103F-16F7-4668-BE54-9A1E7A4F7556}") = "EXE201_LEARNING_ENGLISH_BusinessLayer", "EXE201_LEARNING_ENGLISH_BusinessLayer\EXE201_LEARNING_ENGLISH_BusinessLayer.csproj", "{37E87D22-D654-49EB-B3C5-5D76A31EF110}"
EndProject
Project("{9A19103F-16F7-4668-BE54-9A1E7A4F7556}") = "EXE201_LEARNING_ENGLISH_API", "EXE201_LEARNING_ENGLISH_API\EXE201_LEARNING_ENGLISH_API.csproj", "{7A65A236-B7A5-4B32-A348-A4E3BC27D93B}"
EndProject
Project("{9A19103F-16F7-4668-BE54-9A1E7A4F7556}") = "EXE201_LEARNING_ENGLISH_Client", "EXE201_LEARNING_ENGLISH_Client\EXE201_LEARNING_ENGLISH_Client.csproj", "{76B80D32-89E8-4107-B27B-144F686F78A6}"
EndProject
Project("{9A19103F-16F7-4668-BE54-9A1E7A4F7556}") = "EXE201_LEARNING_ENGLISH_Admin", "EXE201_LEARNING_ENGLISH_Admin\EXE201_LEARNING_ENGLISH_Admin.csproj", "{6CEA8FF0-B225-4064-A5F8-9C1197ADF702}"
EndProject
Global
	GlobalSection(SolutionConfigurationPlatforms) = preSolution
		Debug|Any CPU = Debug|Any CPU
		Release|Any CPU = Release|Any CPU
	EndGlobalSection
	GlobalSection(ProjectConfigurationPlatforms) = postSolution
		{EFBACC9C-BDF4-4D8D-BBFE-1D495DB163FE}.Debug|Any CPU.ActiveCfg = Debug|Any CPU
		{EFBACC9C-BDF4-4D8D-BBFE-1D495DB163FE}.Debug|Any CPU.Build.0 = Debug|Any CPU
		{EFBACC9C-BDF4-4D8D-BBFE-1D495DB163FE}.Release|Any CPU.ActiveCfg = Release|Any CPU
		{EFBACC9C-BDF4-4D8D-BBFE-1D495DB163FE}.Release|Any CPU.Build.0 = Release|Any CPU
		{304CFD34-3DDF-4ABD-A353-D3B41F943507}.Debug|Any CPU.ActiveCfg = Debug|Any CPU
		{304CFD34-3DDF-4ABD-A353-D3B41F943507}.Debug|Any CPU.Build.0 = Debug|Any CPU
		{304CFD34-3DDF-4ABD-A353-D3B41F943507}.Release|Any CPU.ActiveCfg = Release|Any CPU
		{304CFD34-3DDF-4ABD-A353-D3B41F943507}.Release|Any CPU.Build.0 = Release|Any CPU
		{EE2F7886-5D2F-4A0D-9326-1C33C17EDE91}.Debug|Any CPU.ActiveCfg = Debug|Any CPU
		{EE2F7886-5D2F-4A0D-9326-1C33C17EDE91}.Debug|Any CPU.Build.0 = Debug|Any CPU
		{EE2F7886-5D2F-4A0D-9326-1C33C17EDE91}.Release|Any CPU.ActiveCfg = Release|Any CPU
		{EE2F7886-5D2F-4A0D-9326-1C33C17EDE91}.Release|Any CPU.Build.0 = Release|Any CPU
		{37E87D22-D654-49EB-B3C5-5D76A31EF110}.Debug|Any CPU.ActiveCfg = Debug|Any CPU
		{37E87D22-D654-49EB-B3C5-5D76A31EF110}.Debug|Any CPU.Build.0 = Debug|Any CPU
		{37E87D22-D654-49EB-B3C5-5D76A31EF110}.Release|Any CPU.ActiveCfg = Release|Any CPU
		{37E87D22-D654-49EB-B3C5-5D76A31EF110}.Release|Any CPU.Build.0 = Release|Any CPU
		{7A65A236-B7A5-4B32-A348-A4E3BC27D93B}.Debug|Any CPU.ActiveCfg = Debug|Any CPU
		{7A65A236-B7A5-4B32-A348-A4E3BC27D93B}.Debug|Any CPU.Build.0 = Debug|Any CPU
		{7A65A236-B7A5-4B32-A348-A4E3BC27D93B}.Release|Any CPU.ActiveCfg = Release|Any CPU
		{7A65A236-B7A5-4B32-A348-A4E3BC27D93B}.Release|Any CPU.Build.0 = Release|Any CPU
		{76B80D32-89E8-4107-B27B-144F686F78A6}.Debug|Any CPU.ActiveCfg = Debug|Any CPU
		{76B80D32-89E8-4107-B27B-144F686F78A6}.Debug|Any CPU.Build.0 = Debug|Any CPU
		{76B80D32-89E8-4107-B27B-144F686F78A6}.Release|Any CPU.ActiveCfg = Release|Any CPU
		{76B80D32-89E8-4107-B27B-144F686F78A6}.Release|Any CPU.Build.0 = Release|Any CPU
		{6CEA8FF0-B225-4064-A5F8-9C1197ADF702}.Debug|Any CPU.ActiveCfg = Debug|Any CPU
		{6CEA8FF0-B225-4064-A5F8-9C1197ADF702}.Debug|Any CPU.Build.0 = Debug|Any CPU
		{6CEA8FF0-B225-4064-A5F8-9C1197ADF702}.Release|Any CPU.ActiveCfg = Release|Any CPU
		{6CEA8FF0-B225-4064-A5F8-9C1197ADF702}.Release|Any CPU.Build.0 = Release|Any CPU
	EndGlobalSection
	GlobalSection(SolutionProperties) = preSolution
		HideSolutionNode = FALSE
	EndGlobalSection
	GlobalSection(ExtensibilityGlobals) = postSolution
		SolutionGuid = {8FD5ED91-A732-4186-9DDB-EBFC9AABDE9B}
	EndGlobalSection
EndGlobal
